Microsoft Visual Studio Solution File, Format Version 12.00
# Visual Studio Version 17
VisualStudioVersion = 17.5.2.0
MinimumVisualStudioVersion = 10.0.40219.1
Project("{FAE04EC0-301F-11D3-BF4B-00C04F79EFBC}") = "EcommerceML", "EcommerceML.csproj", "{714C03C3-4608-A500-6C9A-057483C09B78}"
EndProject
Global
	GlobalSection(SolutionConfigurationPlatforms) = preSolution
		Debug|Any CPU = Debug|Any CPU
		Release|Any CPU = Release|Any CPU
	EndGlobalSection
	GlobalSection(ProjectConfigurationPlatforms) = postSolution
		{714C03C3-4608-A500-6C9A-057483C09B78}.Debug|Any CPU.ActiveCfg = Debug|Any CPU
		{714C03C3-4608-A500-6C9A-057483C09B78}.Debug|Any CPU.Build.0 = Debug|Any CPU
		{714C03C3-4608-A500-6C9A-057483C09B78}.Release|Any CPU.ActiveCfg = Release|Any CPU
		{714C03C3-4608-A500-6C9A-057483C09B78}.Release|Any CPU.Build.0 = Release|Any CPU
	EndGlobalSection
	GlobalSection(SolutionProperties) = preSolution
		HideSolutionNode = FALSE
	EndGlobalSection
	GlobalSection(ExtensibilityGlobals) = postSolution
		SolutionGuid = {D42399AB-4F64-4F4A-83F4-52F9DF6BCEB6}
	EndGlobalSection
EndGlobal
